
Microsoft Visual Studio Solution File, Format Version 12.00
# Visual Studio 15
VisualStudioVersion = 15.0.27703.2018
MinimumVisualStudioVersion = 10.0.40219.1
Project("{FAE04EC0-301F-11D3-BF4B-00C04F79EFBC}") = "DataScienceAssignment02-Forecasting", "DataScienceAssignment02-Forecasting\DataScienceAssignment02-Forecasting.csproj", "{EA9F8451-BAFE-48E2-AEDF-EEE2D2FBF030}"
EndProject
Global
	GlobalSection(SolutionConfigurationPlatforms) = preSolution
		Debug|Any CPU = Debug|Any CPU
		Release|Any CPU = Release|Any CPU
	EndGlobalSection
	GlobalSection(ProjectConfigurationPlatforms) = postSolution
		{EA9F8451-BAFE-48E2-AEDF-EEE2D2FBF030}.Debug|Any CPU.ActiveCfg = Debug|Any CPU
		{EA9F8451-BAFE-48E2-AEDF-EEE2D2FBF030}.Debug|Any CPU.Build.0 = Debug|Any CPU
		{EA9F8451-BAFE-48E2-AEDF-EEE2D2FBF030}.Release|Any CPU.ActiveCfg = Release|Any CPU
		{EA9F8451-BAFE-48E2-AEDF-EEE2D2FBF030}.Release|Any CPU.Build.0 = Release|Any CPU
	EndGlobalSection
	GlobalSection(SolutionProperties) = preSolution
		HideSolutionNode = FALSE
	EndGlobalSection
	GlobalSection(ExtensibilityGlobals) = postSolution
		SolutionGuid = {7691D6CE-0DBB-455B-8F3E-B2C6D7601F8A}
	EndGlobalSection
EndGlobal
